
Microsoft Visual Studio Solution File, Format Version 12.00
# Visual Studio 15
VisualStudioVersion = 15.0.28307.1321
MinimumVisualStudioVersion = 10.0.40219.1
Project("{8BC9CEB8-8B4A-11D0-8D11-00A0C91BC942}") = "Injector", "Injector\Injector.vcxproj", "{C64154F0-6472-49F1-8436-B1934A7C36BC}"
EndProject
Project("{8BC9CEB8-8B4A-11D0-8D11-00A0C91BC942}") = "Inject.dll", "Inject.dll\Inject.dll.vcxproj", "{783BECEB-4559-4F22-BE86-159748BD0316}"
EndProject
Global
	GlobalSection(SolutionConfigurationPlatforms) = preSolution
		Debug|x64 = Debug|x64
		Debug|x86 = Debug|x86
		Release|x64 = Release|x64
		Release|x86 = Release|x86
	EndGlobalSection
	GlobalSection(ProjectConfigurationPlatforms) = postSolution
		{C64154F0-6472-49F1-8436-B1934A7C36BC}.Debug|x64.ActiveCfg = Debug|x64
		{C64154F0-6472-49F1-8436-B1934A7C36BC}.Debug|x64.Build.0 = Debug|x64
		{C64154F0-6472-49F1-8436-B1934A7C36BC}.Debug|x86.ActiveCfg = Debug|Win32
		{C64154F0-6472-49F1-8436-B1934A7C36BC}.Debug|x86.Build.0 = Debug|Win32
		{C64154F0-6472-49F1-8436-B1934A7C36BC}.Release|x64.ActiveCfg = Release|x64
		{C64154F0-6472-49F1-8436-B1934A7C36BC}.Release|x64.Build.0 = Release|x64
		{C64154F0-6472-49F1-8436-B1934A7C36BC}.Release|x86.ActiveCfg = Release|Win32
		{C64154F0-6472-49F1-8436-B1934A7C36BC}.Release|x86.Build.0 = Release|Win32
		{783BECEB-4559-4F22-BE86-159748BD0316}.Debug|x64.ActiveCfg = Debug|x64
		{783BECEB-4559-4F22-BE86-159748BD0316}.Debug|x64.Build.0 = Debug|x64
		{783BECEB-4559-4F22-BE86-159748BD0316}.Debug|x86.ActiveCfg = Debug|Win32
		{783BECEB-4559-4F22-BE86-159748BD0316}.Debug|x86.Build.0 = Debug|Win32
		{783BECEB-4559-4F22-BE86-159748BD0316}.Release|x64.ActiveCfg = Release|x64
		{783BECEB-4559-4F22-BE86-159748BD0316}.Release|x64.Build.0 = Release|x64
		{783BECEB-4559-4F22-BE86-159748BD0316}.Release|x86.ActiveCfg = Release|Win32
		{783BECEB-4559-4F22-BE86-159748BD0316}.Release|x86.Build.0 = Release|Win32
	EndGlobalSection
	GlobalSection(SolutionProperties) = preSolution
		HideSolutionNode = FALSE
	EndGlobalSection
	GlobalSection(ExtensibilityGlobals) = postSolution
		SolutionGuid = {D8EC0569-564B-40E8-8DCE-BDC28BFD91E7}
	EndGlobalSection
EndGlobal
